
Microsoft Visual Studio Solution File, Format Version 12.00
# Visual Studio Version 17
VisualStudioVersion = 17.14.36518.9 d17.14
MinimumVisualStudioVersion = 10.0.40219.1
Project("{FAE04EC0-301F-11D3-BF4B-00C04F79EFBC}") = "EurekaBankService", "EurekaBankService\EurekaBankService.csproj", "{14E2F6C2-01BE-4E5E-B160-C747FB0A4214}"
EndProject
Global
	GlobalSection(SolutionConfigurationPlatforms) = preSolution
		Debug|Any CPU = Debug|Any CPU
		Release|Any CPU = Release|Any CPU
	EndGlobalSection
	GlobalSection(ProjectConfigurationPlatforms) = postSolution
		{14E2F6C2-01BE-4E5E-B160-C747FB0A4214}.Debug|Any CPU.ActiveCfg = Debug|Any CPU
		{14E2F6C2-01BE-4E5E-B160-C747FB0A4214}.Debug|Any CPU.Build.0 = Debug|Any CPU
		{14E2F6C2-01BE-4E5E-B160-C747FB0A4214}.Release|Any CPU.ActiveCfg = Release|Any CPU
		{14E2F6C2-01BE-4E5E-B160-C747FB0A4214}.Release|Any CPU.Build.0 = Release|Any CPU
	EndGlobalSection
	GlobalSection(SolutionProperties) = preSolution
		HideSolutionNode = FALSE
	EndGlobalSection
	GlobalSection(ExtensibilityGlobals) = postSolution
		SolutionGuid = {EF8952E3-C909-4B0A-A0F2-64150099977A}
	EndGlobalSection
EndGlobal
