
Microsoft Visual Studio Solution File, Format Version 12.00
# Visual Studio Version 17
VisualStudioVersion = 17.14.36518.9 d17.14
MinimumVisualStudioVersion = 10.0.40219.1
Project("{FAE04EC0-301F-11D3-BF4B-00C04F79EFBC}") = "CC_ConvUni_RESTDOTNET_GR01", "CC_ConvUni_RESTDOTNET_GR01\CC_ConvUni_RESTDOTNET_GR01.csproj", "{D74A36A2-30E0-4251-9560-D6F996A6DC8C}"
EndProject
Global
	GlobalSection(SolutionConfigurationPlatforms) = preSolution
		Debug|Any CPU = Debug|Any CPU
		Release|Any CPU = Release|Any CPU
	EndGlobalSection
	GlobalSection(ProjectConfigurationPlatforms) = postSolution
		{D74A36A2-30E0-4251-9560-D6F996A6DC8C}.Debug|Any CPU.ActiveCfg = Debug|Any CPU
		{D74A36A2-30E0-4251-9560-D6F996A6DC8C}.Debug|Any CPU.Build.0 = Debug|Any CPU
		{D74A36A2-30E0-4251-9560-D6F996A6DC8C}.Release|Any CPU.ActiveCfg = Release|Any CPU
		{D74A36A2-30E0-4251-9560-D6F996A6DC8C}.Release|Any CPU.Build.0 = Release|Any CPU
	EndGlobalSection
	GlobalSection(SolutionProperties) = preSolution
		HideSolutionNode = FALSE
	EndGlobalSection
	GlobalSection(ExtensibilityGlobals) = postSolution
		SolutionGuid = {FEAD3333-BAD8-462D-9A66-37CA1108F81F}
	EndGlobalSection
EndGlobal
